
Microsoft Visual Studio Solution File, Format Version 12.00
# Visual Studio Version 17
VisualStudioVersion = 17.7.34024.191
MinimumVisualStudioVersion = 10.0.40219.1
Project("{FAE04EC0-301F-11D3-BF4B-00C04F79EFBC}") = "LogIn1", "LogIn1.csproj", "{4A83BEA1-ADE4-4DC2-9C15-B76118269768}"
EndProject
Global
	GlobalSection(SolutionConfigurationPlatforms) = preSolution
		Debug|Any CPU = Debug|Any CPU
		Release|Any CPU = Release|Any CPU
	EndGlobalSection
	GlobalSection(ProjectConfigurationPlatforms) = postSolution
		{4A83BEA1-ADE4-4DC2-9C15-B76118269768}.Debug|Any CPU.ActiveCfg = Debug|Any CPU
		{4A83BEA1-ADE4-4DC2-9C15-B76118269768}.Debug|Any CPU.Build.0 = Debug|Any CPU
		{4A83BEA1-ADE4-4DC2-9C15-B76118269768}.Release|Any CPU.ActiveCfg = Release|Any CPU
		{4A83BEA1-ADE4-4DC2-9C15-B76118269768}.Release|Any CPU.Build.0 = Release|Any CPU
	EndGlobalSection
	GlobalSection(SolutionProperties) = preSolution
		HideSolutionNode = FALSE
	EndGlobalSection
	GlobalSection(ExtensibilityGlobals) = postSolution
		SolutionGuid = {B8DD9B73-A083-4154-8CB4-3DABA202E841}
	EndGlobalSection
EndGlobal
